
Microsoft Visual Studio Solution File, Format Version 12.00
# Visual Studio 2012
Project("{FAE04EC0-301F-11D3-BF4B-00C04F79EFBC}") = "ItsaWeb", "ItsaWeb\ItsaWeb.csproj", "{9C4C6CBC-4F8F-47DC-83D7-BAB33902F917}"
EndProject
Project("{2150E333-8FDC-42A3-9474-1A3956D46DE8}") = "Scenarios", "Scenarios", "{9EF7824D-300F-4EAC-85E0-491A1A2402AF}"
EndProject
Project("{FAE04EC0-301F-11D3-BF4B-00C04F79EFBC}") = "WebScenarios", "Scenarios\WebScenarios\WebScenarios.csproj", "{5F0DD2ED-4613-40B7-B073-CCC956017F56}"
EndProject
Project("{FAE04EC0-301F-11D3-BF4B-00C04F79EFBC}") = "Logging", "Logging\Logging.csproj", "{F65BCCBF-249A-4F8C-81EB-D05F6057E9DF}"
EndProject
Project("{2150E333-8FDC-42A3-9474-1A3956D46DE8}") = "Services", "Services", "{1E5878D8-03E6-4B02-A468-938953DE1B68}"
EndProject
Project("{FAE04EC0-301F-11D3-BF4B-00C04F79EFBC}") = "ServiceInterfaces", "ServiceInterfaces\ServiceInterfaces.csproj", "{4E597FB7-4706-45E2-9F9F-BAED246F06C4}"
EndProject
Project("{FAE04EC0-301F-11D3-BF4B-00C04F79EFBC}") = "Services", "Services\Services.csproj", "{EA58BDDA-34F5-4B48-B2F3-4E4CCE2B66EE}"
EndProject
Project("{FAE04EC0-301F-11D3-BF4B-00C04F79EFBC}") = "AbstractConfigurationManager", "AbstractConfigurationManager\AbstractConfigurationManager.csproj", "{4049F353-A3D2-4B82-BF5A-25578717F904}"
EndProject
Project("{FAE04EC0-301F-11D3-BF4B-00C04F79EFBC}") = "ConfigurationManagerWrapper", "ConfigurationManagerWrapper\ConfigurationManagerWrapper.csproj", "{66CDCDC4-9F60-4F9B-9E31-4E23B76BD146}"
EndProject
Project("{2150E333-8FDC-42A3-9474-1A3956D46DE8}") = "Helpers", "Helpers", "{D51EA45D-8F8E-4BDF-BB6F-045D1164B3A9}"
EndProject
Project("{2150E333-8FDC-42A3-9474-1A3956D46DE8}") = "Database", "Database", "{A591D264-6B16-455A-89D5-A5E6B00A38ED}"
EndProject
Project("{FAE04EC0-301F-11D3-BF4B-00C04F79EFBC}") = "Entities", "Entities\Entities.csproj", "{AEE76B68-8EE3-49A1-8AED-809288568D64}"
EndProject
Project("{2150E333-8FDC-42A3-9474-1A3956D46DE8}") = "Repository", "Repository", "{51D218D6-FB37-4D0D-9143-295C12E78087}"
EndProject
Project("{FAE04EC0-301F-11D3-BF4B-00C04F79EFBC}") = "Repository", "Repository\Repository.csproj", "{6B41D66F-0003-45EC-9692-023F9FCA62E8}"
EndProject
Project("{FAE04EC0-301F-11D3-BF4B-00C04F79EFBC}") = "EfRepository", "EfRepository\EfRepository.csproj", "{036CD7CD-9E0F-47AB-BE61-B0CDE49AB0D1}"
EndProject
Project("{FAE04EC0-301F-11D3-BF4B-00C04F79EFBC}") = "FileRepository", "FileRepository\FileRepository.csproj", "{DDA7CF44-49A9-4E92-BA4F-65488C003CEF}"
EndProject
Project("{FAE04EC0-301F-11D3-BF4B-00C04F79EFBC}") = "ItsaRepository", "ItsaRepository\ItsaRepository.csproj", "{25AE1B5A-F475-4C2B-923D-7351EA677D51}"
EndProject
Project("{2150E333-8FDC-42A3-9474-1A3956D46DE8}") = "FileSystem", "FileSystem", "{B7B59ED6-1BA5-4AD7-BCD9-4ABA3BB9DA60}"
EndProject
Project("{FAE04EC0-301F-11D3-BF4B-00C04F79EFBC}") = "FileSystemInterfaces", "FileSystemInterfaces\FileSystemInterfaces.csproj", "{675BEBA7-9580-4B39-96FC-5E0ED60D9CD6}"
EndProject
Project("{FAE04EC0-301F-11D3-BF4B-00C04F79EFBC}") = "SystemFileAdapter", "SystemFileAdapter\SystemFileAdapter.csproj", "{98DE4FCF-B1B1-4A1A-90E4-F4D29D341585}"
EndProject
Project("{2150E333-8FDC-42A3-9474-1A3956D46DE8}") = "IntegrationTests", "IntegrationTests", "{C0B8F0C2-2F80-464C-B89E-B28DAE1FF528}"
EndProject
Project("{FAE04EC0-301F-11D3-BF4B-00C04F79EFBC}") = "SystemFileAdapterTests", "IntegrationTests\SystemFileAdapterTests\SystemFileAdapterTests.csproj", "{A6BFE420-B51A-4E1C-B5C5-81025A8887E9}"
EndProject
Project("{2150E333-8FDC-42A3-9474-1A3956D46DE8}") = "UnitTests", "UnitTests", "{124E1E10-CF95-46EC-95B3-537188655940}"
EndProject
Project("{FAE04EC0-301F-11D3-BF4B-00C04F79EFBC}") = "FileRepositoryTests", "UnitTests\FileRepositoryTests\FileRepositoryTests.csproj", "{7DBF1554-4B84-4A86-BF25-4E5874A6F80A}"
EndProject
Project("{FAE04EC0-301F-11D3-BF4B-00C04F79EFBC}") = "ServicesTests", "UnitTests\ServicesTests\ServicesTests.csproj", "{46254BA8-2C96-4048-AE3D-3C1502722BAB}"
EndProject
Project("{FAE04EC0-301F-11D3-BF4B-00C04F79EFBC}") = "Serialization", "Serialization\Serialization.csproj", "{CFD08804-A078-4D4E-80AF-8A9153B3A55E}"
EndProject
Project("{2150E333-8FDC-42A3-9474-1A3956D46DE8}") = "Utilities", "Utilities", "{BA3631E9-C14A-4C06-B897-46BC3D66B234}"
EndProject
Project("{FAE04EC0-301F-11D3-BF4B-00C04F79EFBC}") = "Exceptions", "Exceptions\Exceptions.csproj", "{3B03CAF2-AC3B-4682-9C76-9AA9F4A25321}"
EndProject
Project("{FAE04EC0-301F-11D3-BF4B-00C04F79EFBC}") = "FileRepositoryTests", "IntegrationTests\FileRepositoryTests\FileRepositoryTests.csproj", "{66AD86DA-65B0-4091-B96F-553B6B686A34}"
EndProject
Project("{FAE04EC0-301F-11D3-BF4B-00C04F79EFBC}") = "ItsaWebTests", "UnitTests\ItsaWebTests\ItsaWebTests.csproj", "{7A9B1810-E1BE-49DA-B882-D062A7ABC3BB}"
EndProject
Project("{FAE04EC0-301F-11D3-BF4B-00C04F79EFBC}") = "ModelTests", "UnitTests\ModelTests\ModelTests.csproj", "{F19C33BE-B7D1-4AF9-A897-3859B93447E2}"
EndProject
Project("{FAE04EC0-301F-11D3-BF4B-00C04F79EFBC}") = "FileSystemAdapterTests", "FileSystemAdapterTests\FileSystemAdapterTests.csproj", "{C7F42D91-236B-458A-AD2A-A74E47CCABF8}"
EndProject
Global
	GlobalSection(SolutionConfigurationPlatforms) = preSolution
		Acceptance|Any CPU = Acceptance|Any CPU
		Acceptance|x86 = Acceptance|x86
		Debug|Any CPU = Debug|Any CPU
		Debug|x86 = Debug|x86
		Live|Any CPU = Live|Any CPU
		Live|x86 = Live|x86
		Release|Any CPU = Release|Any CPU
		Release|x86 = Release|x86
		Staging|Any CPU = Staging|Any CPU
		Staging|x86 = Staging|x86
		Test|Any CPU = Test|Any CPU
		Test|x86 = Test|x86
		WithRestServices|Any CPU = WithRestServices|Any CPU
		WithRestServices|x86 = WithRestServices|x86
	EndGlobalSection
	GlobalSection(ProjectConfigurationPlatforms) = postSolution
		{9C4C6CBC-4F8F-47DC-83D7-BAB33902F917}.Acceptance|Any CPU.ActiveCfg = Release|Any CPU
		{9C4C6CBC-4F8F-47DC-83D7-BAB33902F917}.Acceptance|Any CPU.Build.0 = Release|Any CPU
		{9C4C6CBC-4F8F-47DC-83D7-BAB33902F917}.Acceptance|x86.ActiveCfg = Release|Any CPU
		{9C4C6CBC-4F8F-47DC-83D7-BAB33902F917}.Debug|Any CPU.ActiveCfg = Debug|Any CPU
		{9C4C6CBC-4F8F-47DC-83D7-BAB33902F917}.Debug|Any CPU.Build.0 = Debug|Any CPU
		{9C4C6CBC-4F8F-47DC-83D7-BAB33902F917}.Debug|x86.ActiveCfg = Debug|Any CPU
		{9C4C6CBC-4F8F-47DC-83D7-BAB33902F917}.Live|Any CPU.ActiveCfg = Release|Any CPU
		{9C4C6CBC-4F8F-47DC-83D7-BAB33902F917}.Live|Any CPU.Build.0 = Release|Any CPU
		{9C4C6CBC-4F8F-47DC-83D7-BAB33902F917}.Live|x86.ActiveCfg = Release|Any CPU
		{9C4C6CBC-4F8F-47DC-83D7-BAB33902F917}.Release|Any CPU.ActiveCfg = Release|Any CPU
		{9C4C6CBC-4F8F-47DC-83D7-BAB33902F917}.Release|Any CPU.Build.0 = Release|Any CPU
		{9C4C6CBC-4F8F-47DC-83D7-BAB33902F917}.Release|x86.ActiveCfg = Release|Any CPU
		{9C4C6CBC-4F8F-47DC-83D7-BAB33902F917}.Staging|Any CPU.ActiveCfg = Release|Any CPU
		{9C4C6CBC-4F8F-47DC-83D7-BAB33902F917}.Staging|Any CPU.Build.0 = Release|Any CPU
		{9C4C6CBC-4F8F-47DC-83D7-BAB33902F917}.Staging|x86.ActiveCfg = Release|Any CPU
		{9C4C6CBC-4F8F-47DC-83D7-BAB33902F917}.Test|Any CPU.ActiveCfg = Release|Any CPU
		{9C4C6CBC-4F8F-47DC-83D7-BAB33902F917}.Test|Any CPU.Build.0 = Release|Any CPU
		{9C4C6CBC-4F8F-47DC-83D7-BAB33902F917}.Test|x86.ActiveCfg = Release|Any CPU
		{9C4C6CBC-4F8F-47DC-83D7-BAB33902F917}.WithRestServices|Any CPU.ActiveCfg = Release|Any CPU
		{9C4C6CBC-4F8F-47DC-83D7-BAB33902F917}.WithRestServices|Any CPU.Build.0 = Release|Any CPU
		{9C4C6CBC-4F8F-47DC-83D7-BAB33902F917}.WithRestServices|x86.ActiveCfg = Release|Any CPU
		{5F0DD2ED-4613-40B7-B073-CCC956017F56}.Acceptance|Any CPU.ActiveCfg = Release|Any CPU
		{5F0DD2ED-4613-40B7-B073-CCC956017F56}.Acceptance|Any CPU.Build.0 = Release|Any CPU
		{5F0DD2ED-4613-40B7-B073-CCC956017F56}.Acceptance|x86.ActiveCfg = Release|Any CPU
		{5F0DD2ED-4613-40B7-B073-CCC956017F56}.Debug|Any CPU.ActiveCfg = Debug|Any CPU
		{5F0DD2ED-4613-40B7-B073-CCC956017F56}.Debug|Any CPU.Build.0 = Debug|Any CPU
		{5F0DD2ED-4613-40B7-B073-CCC956017F56}.Debug|x86.ActiveCfg = Debug|Any CPU
		{5F0DD2ED-4613-40B7-B073-CCC956017F56}.Live|Any CPU.ActiveCfg = Release|Any CPU
		{5F0DD2ED-4613-40B7-B073-CCC956017F56}.Live|Any CPU.Build.0 = Release|Any CPU
		{5F0DD2ED-4613-40B7-B073-CCC956017F56}.Live|x86.ActiveCfg = Release|Any CPU
		{5F0DD2ED-4613-40B7-B073-CCC956017F56}.Release|Any CPU.ActiveCfg = Release|Any CPU
		{5F0DD2ED-4613-40B7-B073-CCC956017F56}.Release|Any CPU.Build.0 = Release|Any CPU
		{5F0DD2ED-4613-40B7-B073-CCC956017F56}.Release|x86.ActiveCfg = Release|Any CPU
		{5F0DD2ED-4613-40B7-B073-CCC956017F56}.Staging|Any CPU.ActiveCfg = Release|Any CPU
		{5F0DD2ED-4613-40B7-B073-CCC956017F56}.Staging|Any CPU.Build.0 = Release|Any CPU
		{5F0DD2ED-4613-40B7-B073-CCC956017F56}.Staging|x86.ActiveCfg = Release|Any CPU
		{5F0DD2ED-4613-40B7-B073-CCC956017F56}.Test|Any CPU.ActiveCfg = Release|Any CPU
		{5F0DD2ED-4613-40B7-B073-CCC956017F56}.Test|Any CPU.Build.0 = Release|Any CPU
		{5F0DD2ED-4613-40B7-B073-CCC956017F56}.Test|x86.ActiveCfg = Release|Any CPU
		{5F0DD2ED-4613-40B7-B073-CCC956017F56}.WithRestServices|Any CPU.ActiveCfg = Release|Any CPU
		{5F0DD2ED-4613-40B7-B073-CCC956017F56}.WithRestServices|Any CPU.Build.0 = Release|Any CPU
		{5F0DD2ED-4613-40B7-B073-CCC956017F56}.WithRestServices|x86.ActiveCfg = Release|Any CPU
		{F65BCCBF-249A-4F8C-81EB-D05F6057E9DF}.Acceptance|Any CPU.ActiveCfg = WithRestServices|Any CPU
		{F65BCCBF-249A-4F8C-81EB-D05F6057E9DF}.Acceptance|Any CPU.Build.0 = WithRestServices|Any CPU
		{F65BCCBF-249A-4F8C-81EB-D05F6057E9DF}.Acceptance|x86.ActiveCfg = WithRestServices|x86
		{F65BCCBF-249A-4F8C-81EB-D05F6057E9DF}.Acceptance|x86.Build.0 = WithRestServices|x86
		{F65BCCBF-249A-4F8C-81EB-D05F6057E9DF}.Debug|Any CPU.ActiveCfg = Debug|Any CPU
		{F65BCCBF-249A-4F8C-81EB-D05F6057E9DF}.Debug|Any CPU.Build.0 = Debug|Any CPU
		{F65BCCBF-249A-4F8C-81EB-D05F6057E9DF}.Debug|x86.ActiveCfg = Debug|x86
		{F65BCCBF-249A-4F8C-81EB-D05F6057E9DF}.Debug|x86.Build.0 = Debug|x86
		{F65BCCBF-249A-4F8C-81EB-D05F6057E9DF}.Live|Any CPU.ActiveCfg = Live|Any CPU
		{F65BCCBF-249A-4F8C-81EB-D05F6057E9DF}.Live|Any CPU.Build.0 = Live|Any CPU
		{F65BCCBF-249A-4F8C-81EB-D05F6057E9DF}.Live|x86.ActiveCfg = Live|x86
		{F65BCCBF-249A-4F8C-81EB-D05F6057E9DF}.Live|x86.Build.0 = Live|x86
		{F65BCCBF-249A-4F8C-81EB-D05F6057E9DF}.Release|Any CPU.ActiveCfg = Release|Any CPU
		{F65BCCBF-249A-4F8C-81EB-D05F6057E9DF}.Release|Any CPU.Build.0 = Release|Any CPU
		{F65BCCBF-249A-4F8C-81EB-D05F6057E9DF}.Release|x86.ActiveCfg = Release|x86
		{F65BCCBF-249A-4F8C-81EB-D05F6057E9DF}.Release|x86.Build.0 = Release|x86
		{F65BCCBF-249A-4F8C-81EB-D05F6057E9DF}.Staging|Any CPU.ActiveCfg = WithRestServices|Any CPU
		{F65BCCBF-249A-4F8C-81EB-D05F6057E9DF}.Staging|Any CPU.Build.0 = WithRestServices|Any CPU
		{F65BCCBF-249A-4F8C-81EB-D05F6057E9DF}.Staging|x86.ActiveCfg = WithRestServices|x86
		{F65BCCBF-249A-4F8C-81EB-D05F6057E9DF}.Staging|x86.Build.0 = WithRestServices|x86
		{F65BCCBF-249A-4F8C-81EB-D05F6057E9DF}.Test|Any CPU.ActiveCfg = WithRestServices|Any CPU
		{F65BCCBF-249A-4F8C-81EB-D05F6057E9DF}.Test|Any CPU.Build.0 = WithRestServices|Any CPU
		{F65BCCBF-249A-4F8C-81EB-D05F6057E9DF}.Test|x86.ActiveCfg = WithRestServices|x86
		{F65BCCBF-249A-4F8C-81EB-D05F6057E9DF}.Test|x86.Build.0 = WithRestServices|x86
		{F65BCCBF-249A-4F8C-81EB-D05F6057E9DF}.WithRestServices|Any CPU.ActiveCfg = WithRestServices|Any CPU
		{F65BCCBF-249A-4F8C-81EB-D05F6057E9DF}.WithRestServices|Any CPU.Build.0 = WithRestServices|Any CPU
		{F65BCCBF-249A-4F8C-81EB-D05F6057E9DF}.WithRestServices|x86.ActiveCfg = WithRestServices|x86
		{F65BCCBF-249A-4F8C-81EB-D05F6057E9DF}.WithRestServices|x86.Build.0 = WithRestServices|x86
		{4E597FB7-4706-45E2-9F9F-BAED246F06C4}.Acceptance|Any CPU.ActiveCfg = Release|Any CPU
		{4E597FB7-4706-45E2-9F9F-BAED246F06C4}.Acceptance|Any CPU.Build.0 = Release|Any CPU
		{4E597FB7-4706-45E2-9F9F-BAED246F06C4}.Acceptance|x86.ActiveCfg = Release|Any CPU
		{4E597FB7-4706-45E2-9F9F-BAED246F06C4}.Debug|Any CPU.ActiveCfg = Debug|Any CPU
		{4E597FB7-4706-45E2-9F9F-BAED246F06C4}.Debug|Any CPU.Build.0 = Debug|Any CPU
		{4E597FB7-4706-45E2-9F9F-BAED246F06C4}.Debug|x86.ActiveCfg = Debug|Any CPU
		{4E597FB7-4706-45E2-9F9F-BAED246F06C4}.Live|Any CPU.ActiveCfg = Release|Any CPU
		{4E597FB7-4706-45E2-9F9F-BAED246F06C4}.Live|Any CPU.Build.0 = Release|Any CPU
		{4E597FB7-4706-45E2-9F9F-BAED246F06C4}.Live|x86.ActiveCfg = Release|Any CPU
		{4E597FB7-4706-45E2-9F9F-BAED246F06C4}.Release|Any CPU.ActiveCfg = Release|Any CPU
		{4E597FB7-4706-45E2-9F9F-BAED246F06C4}.Release|Any CPU.Build.0 = Release|Any CPU
		{4E597FB7-4706-45E2-9F9F-BAED246F06C4}.Release|x86.ActiveCfg = Release|Any CPU
		{4E597FB7-4706-45E2-9F9F-BAED246F06C4}.Staging|Any CPU.ActiveCfg = Release|Any CPU
		{4E597FB7-4706-45E2-9F9F-BAED246F06C4}.Staging|Any CPU.Build.0 = Release|Any CPU
		{4E597FB7-4706-45E2-9F9F-BAED246F06C4}.Staging|x86.ActiveCfg = Release|Any CPU
		{4E597FB7-4706-45E2-9F9F-BAED246F06C4}.Test|Any CPU.ActiveCfg = Release|Any CPU
		{4E597FB7-4706-45E2-9F9F-BAED246F06C4}.Test|Any CPU.Build.0 = Release|Any CPU
		{4E597FB7-4706-45E2-9F9F-BAED246F06C4}.Test|x86.ActiveCfg = Release|Any CPU
		{4E597FB7-4706-45E2-9F9F-BAED246F06C4}.WithRestServices|Any CPU.ActiveCfg = Release|Any CPU
		{4E597FB7-4706-45E2-9F9F-BAED246F06C4}.WithRestServices|Any CPU.Build.0 = Release|Any CPU
		{4E597FB7-4706-45E2-9F9F-BAED246F06C4}.WithRestServices|x86.ActiveCfg = Release|Any CPU
		{EA58BDDA-34F5-4B48-B2F3-4E4CCE2B66EE}.Acceptance|Any CPU.ActiveCfg = Release|Any CPU
		{EA58BDDA-34F5-4B48-B2F3-4E4CCE2B66EE}.Acceptance|Any CPU.Build.0 = Release|Any CPU
		{EA58BDDA-34F5-4B48-B2F3-4E4CCE2B66EE}.Acceptance|x86.ActiveCfg = Release|Any CPU
		{EA58BDDA-34F5-4B48-B2F3-4E4CCE2B66EE}.Debug|Any CPU.ActiveCfg = Debug|Any CPU
		{EA58BDDA-34F5-4B48-B2F3-4E4CCE2B66EE}.Debug|Any CPU.Build.0 = Debug|Any CPU
		{EA58BDDA-34F5-4B48-B2F3-4E4CCE2B66EE}.Debug|x86.ActiveCfg = Debug|Any CPU
		{EA58BDDA-34F5-4B48-B2F3-4E4CCE2B66EE}.Live|Any CPU.ActiveCfg = Release|Any CPU
		{EA58BDDA-34F5-4B48-B2F3-4E4CCE2B66EE}.Live|Any CPU.Build.0 = Release|Any CPU
		{EA58BDDA-34F5-4B48-B2F3-4E4CCE2B66EE}.Live|x86.ActiveCfg = Release|Any CPU
		{EA58BDDA-34F5-4B48-B2F3-4E4CCE2B66EE}.Release|Any CPU.ActiveCfg = Release|Any CPU
		{EA58BDDA-34F5-4B48-B2F3-4E4CCE2B66EE}.Release|Any CPU.Build.0 = Release|Any CPU
		{EA58BDDA-34F5-4B48-B2F3-4E4CCE2B66EE}.Release|x86.ActiveCfg = Release|Any CPU
		{EA58BDDA-34F5-4B48-B2F3-4E4CCE2B66EE}.Staging|Any CPU.ActiveCfg = Release|Any CPU
		{EA58BDDA-34F5-4B48-B2F3-4E4CCE2B66EE}.Staging|Any CPU.Build.0 = Release|Any CPU
		{EA58BDDA-34F5-4B48-B2F3-4E4CCE2B66EE}.Staging|x86.ActiveCfg = Release|Any CPU
		{EA58BDDA-34F5-4B48-B2F3-4E4CCE2B66EE}.Test|Any CPU.ActiveCfg = Release|Any CPU
		{EA58BDDA-34F5-4B48-B2F3-4E4CCE2B66EE}.Test|Any CPU.Build.0 = Release|Any CPU
		{EA58BDDA-34F5-4B48-B2F3-4E4CCE2B66EE}.Test|x86.ActiveCfg = Release|Any CPU
		{EA58BDDA-34F5-4B48-B2F3-4E4CCE2B66EE}.WithRestServices|Any CPU.ActiveCfg = Release|Any CPU
		{EA58BDDA-34F5-4B48-B2F3-4E4CCE2B66EE}.WithRestServices|Any CPU.Build.0 = Release|Any CPU
		{EA58BDDA-34F5-4B48-B2F3-4E4CCE2B66EE}.WithRestServices|x86.ActiveCfg = Release|Any CPU
		{4049F353-A3D2-4B82-BF5A-25578717F904}.Acceptance|Any CPU.ActiveCfg = WithRestServices|Any CPU
		{4049F353-A3D2-4B82-BF5A-25578717F904}.Acceptance|Any CPU.Build.0 = WithRestServices|Any CPU
		{4049F353-A3D2-4B82-BF5A-25578717F904}.Acceptance|x86.ActiveCfg = WithRestServices|Any CPU
		{4049F353-A3D2-4B82-BF5A-25578717F904}.Debug|Any CPU.ActiveCfg = Debug|Any CPU
		{4049F353-A3D2-4B82-BF5A-25578717F904}.Debug|Any CPU.Build.0 = Debug|Any CPU
		{4049F353-A3D2-4B82-BF5A-25578717F904}.Debug|x86.ActiveCfg = Debug|Any CPU
		{4049F353-A3D2-4B82-BF5A-25578717F904}.Live|Any CPU.ActiveCfg = Live|Any CPU
		{4049F353-A3D2-4B82-BF5A-25578717F904}.Live|Any CPU.Build.0 = Live|Any CPU
		{4049F353-A3D2-4B82-BF5A-25578717F904}.Live|x86.ActiveCfg = Live|Any CPU
		{4049F353-A3D2-4B82-BF5A-25578717F904}.Release|Any CPU.ActiveCfg = Release|Any CPU
		{4049F353-A3D2-4B82-BF5A-25578717F904}.Release|Any CPU.Build.0 = Release|Any CPU
		{4049F353-A3D2-4B82-BF5A-25578717F904}.Release|x86.ActiveCfg = Release|Any CPU
		{4049F353-A3D2-4B82-BF5A-25578717F904}.Staging|Any CPU.ActiveCfg = WithRestServices|Any CPU
		{4049F353-A3D2-4B82-BF5A-25578717F904}.Staging|Any CPU.Build.0 = WithRestServices|Any CPU
		{4049F353-A3D2-4B82-BF5A-25578717F904}.Staging|x86.ActiveCfg = WithRestServices|Any CPU
		{4049F353-A3D2-4B82-BF5A-25578717F904}.Test|Any CPU.ActiveCfg = WithRestServices|Any CPU
		{4049F353-A3D2-4B82-BF5A-25578717F904}.Test|Any CPU.Build.0 = WithRestServices|Any CPU
		{4049F353-A3D2-4B82-BF5A-25578717F904}.Test|x86.ActiveCfg = WithRestServices|Any CPU
		{4049F353-A3D2-4B82-BF5A-25578717F904}.WithRestServices|Any CPU.ActiveCfg = WithRestServices|Any CPU
		{4049F353-A3D2-4B82-BF5A-25578717F904}.WithRestServices|Any CPU.Build.0 = WithRestServices|Any CPU
		{4049F353-A3D2-4B82-BF5A-25578717F904}.WithRestServices|x86.ActiveCfg = WithRestServices|Any CPU
		{66CDCDC4-9F60-4F9B-9E31-4E23B76BD146}.Acceptance|Any CPU.ActiveCfg = WithRestServices|Any CPU
		{66CDCDC4-9F60-4F9B-9E31-4E23B76BD146}.Acceptance|Any CPU.Build.0 = WithRestServices|Any CPU
		{66CDCDC4-9F60-4F9B-9E31-4E23B76BD146}.Acceptance|x86.ActiveCfg = WithRestServices|Any CPU
		{66CDCDC4-9F60-4F9B-9E31-4E23B76BD146}.Debug|Any CPU.ActiveCfg = Debug|Any CPU
		{66CDCDC4-9F60-4F9B-9E31-4E23B76BD146}.Debug|Any CPU.Build.0 = Debug|Any CPU
		{66CDCDC4-9F60-4F9B-9E31-4E23B76BD146}.Debug|x86.ActiveCfg = Debug|Any CPU
		{66CDCDC4-9F60-4F9B-9E31-4E23B76BD146}.Live|Any CPU.ActiveCfg = Live|Any CPU
		{66CDCDC4-9F60-4F9B-9E31-4E23B76BD146}.Live|Any CPU.Build.0 = Live|Any CPU
		{66CDCDC4-9F60-4F9B-9E31-4E23B76BD146}.Live|x86.ActiveCfg = Live|Any CPU
		{66CDCDC4-9F60-4F9B-9E31-4E23B76BD146}.Release|Any CPU.ActiveCfg = Release|Any CPU
		{66CDCDC4-9F60-4F9B-9E31-4E23B76BD146}.Release|Any CPU.Build.0 = Release|Any CPU
		{66CDCDC4-9F60-4F9B-9E31-4E23B76BD146}.Release|x86.ActiveCfg = Release|Any CPU
		{66CDCDC4-9F60-4F9B-9E31-4E23B76BD146}.Staging|Any CPU.ActiveCfg = WithRestServices|Any CPU
		{66CDCDC4-9F60-4F9B-9E31-4E23B76BD146}.Staging|Any CPU.Build.0 = WithRestServices|Any CPU
		{66CDCDC4-9F60-4F9B-9E31-4E23B76BD146}.Staging|x86.ActiveCfg = WithRestServices|Any CPU
		{66CDCDC4-9F60-4F9B-9E31-4E23B76BD146}.Test|Any CPU.ActiveCfg = WithRestServices|Any CPU
		{66CDCDC4-9F60-4F9B-9E31-4E23B76BD146}.Test|Any CPU.Build.0 = WithRestServices|Any CPU
		{66CDCDC4-9F60-4F9B-9E31-4E23B76BD146}.Test|x86.ActiveCfg = WithRestServices|Any CPU
		{66CDCDC4-9F60-4F9B-9E31-4E23B76BD146}.WithRestServices|Any CPU.ActiveCfg = WithRestServices|Any CPU
		{66CDCDC4-9F60-4F9B-9E31-4E23B76BD146}.WithRestServices|Any CPU.Build.0 = WithRestServices|Any CPU
		{66CDCDC4-9F60-4F9B-9E31-4E23B76BD146}.WithRestServices|x86.ActiveCfg = WithRestServices|Any CPU
		{AEE76B68-8EE3-49A1-8AED-809288568D64}.Acceptance|Any CPU.ActiveCfg = Release|Any CPU
		{AEE76B68-8EE3-49A1-8AED-809288568D64}.Acceptance|Any CPU.Build.0 = Release|Any CPU
		{AEE76B68-8EE3-49A1-8AED-809288568D64}.Acceptance|x86.ActiveCfg = Release|Any CPU
		{AEE76B68-8EE3-49A1-8AED-809288568D64}.Debug|Any CPU.ActiveCfg = Debug|Any CPU
		{AEE76B68-8EE3-49A1-8AED-809288568D64}.Debug|Any CPU.Build.0 = Debug|Any CPU
		{AEE76B68-8EE3-49A1-8AED-809288568D64}.Debug|x86.ActiveCfg = Debug|Any CPU
		{AEE76B68-8EE3-49A1-8AED-809288568D64}.Live|Any CPU.ActiveCfg = Release|Any CPU
		{AEE76B68-8EE3-49A1-8AED-809288568D64}.Live|Any CPU.Build.0 = Release|Any CPU
		{AEE76B68-8EE3-49A1-8AED-809288568D64}.Live|x86.ActiveCfg = Release|Any CPU
		{AEE76B68-8EE3-49A1-8AED-809288568D64}.Release|Any CPU.ActiveCfg = Release|Any CPU
		{AEE76B68-8EE3-49A1-8AED-809288568D64}.Release|Any CPU.Build.0 = Release|Any CPU
		{AEE76B68-8EE3-49A1-8AED-809288568D64}.Release|x86.ActiveCfg = Release|Any CPU
		{AEE76B68-8EE3-49A1-8AED-809288568D64}.Staging|Any CPU.ActiveCfg = Release|Any CPU
		{AEE76B68-8EE3-49A1-8AED-809288568D64}.Staging|Any CPU.Build.0 = Release|Any CPU
		{AEE76B68-8EE3-49A1-8AED-809288568D64}.Staging|x86.ActiveCfg = Release|Any CPU
		{AEE76B68-8EE3-49A1-8AED-809288568D64}.Test|Any CPU.ActiveCfg = Release|Any CPU
		{AEE76B68-8EE3-49A1-8AED-809288568D64}.Test|Any CPU.Build.0 = Release|Any CPU
		{AEE76B68-8EE3-49A1-8AED-809288568D64}.Test|x86.ActiveCfg = Release|Any CPU
		{AEE76B68-8EE3-49A1-8AED-809288568D64}.WithRestServices|Any CPU.ActiveCfg = Release|Any CPU
		{AEE76B68-8EE3-49A1-8AED-809288568D64}.WithRestServices|Any CPU.Build.0 = Release|Any CPU
		{AEE76B68-8EE3-49A1-8AED-809288568D64}.WithRestServices|x86.ActiveCfg = Release|Any CPU
		{6B41D66F-0003-45EC-9692-023F9FCA62E8}.Acceptance|Any CPU.ActiveCfg = Acceptance|Any CPU
		{6B41D66F-0003-45EC-9692-023F9FCA62E8}.Acceptance|Any CPU.Build.0 = Acceptance|Any CPU
		{6B41D66F-0003-45EC-9692-023F9FCA62E8}.Acceptance|x86.ActiveCfg = Acceptance|Any CPU
		{6B41D66F-0003-45EC-9692-023F9FCA62E8}.Debug|Any CPU.ActiveCfg = Debug|Any CPU
		{6B41D66F-0003-45EC-9692-023F9FCA62E8}.Debug|Any CPU.Build.0 = Debug|Any CPU
		{6B41D66F-0003-45EC-9692-023F9FCA62E8}.Debug|x86.ActiveCfg = Debug|Any CPU
		{6B41D66F-0003-45EC-9692-023F9FCA62E8}.Live|Any CPU.ActiveCfg = Acceptance|Any CPU
		{6B41D66F-0003-45EC-9692-023F9FCA62E8}.Live|Any CPU.Build.0 = Acceptance|Any CPU
		{6B41D66F-0003-45EC-9692-023F9FCA62E8}.Live|x86.ActiveCfg = Acceptance|Any CPU
		{6B41D66F-0003-45EC-9692-023F9FCA62E8}.Release|Any CPU.ActiveCfg = Release|Any CPU
		{6B41D66F-0003-45EC-9692-023F9FCA62E8}.Release|Any CPU.Build.0 = Release|Any CPU
		{6B41D66F-0003-45EC-9692-023F9FCA62E8}.Release|x86.ActiveCfg = Release|Any CPU
		{6B41D66F-0003-45EC-9692-023F9FCA62E8}.Staging|Any CPU.ActiveCfg = Staging|Any CPU
		{6B41D66F-0003-45EC-9692-023F9FCA62E8}.Staging|Any CPU.Build.0 = Staging|Any CPU
		{6B41D66F-0003-45EC-9692-023F9FCA62E8}.Staging|x86.ActiveCfg = Staging|Any CPU
		{6B41D66F-0003-45EC-9692-023F9FCA62E8}.Test|Any CPU.ActiveCfg = Test|Any CPU
		{6B41D66F-0003-45EC-9692-023F9FCA62E8}.Test|Any CPU.Build.0 = Test|Any CPU
		{6B41D66F-0003-45EC-9692-023F9FCA62E8}.Test|x86.ActiveCfg = Test|Any CPU
		{6B41D66F-0003-45EC-9692-023F9FCA62E8}.WithRestServices|Any CPU.ActiveCfg = Acceptance|Any CPU
		{6B41D66F-0003-45EC-9692-023F9FCA62E8}.WithRestServices|Any CPU.Build.0 = Acceptance|Any CPU
		{6B41D66F-0003-45EC-9692-023F9FCA62E8}.WithRestServices|x86.ActiveCfg = Acceptance|Any CPU
		{036CD7CD-9E0F-47AB-BE61-B0CDE49AB0D1}.Acceptance|Any CPU.ActiveCfg = Release|Any CPU
		{036CD7CD-9E0F-47AB-BE61-B0CDE49AB0D1}.Acceptance|Any CPU.Build.0 = Release|Any CPU
		{036CD7CD-9E0F-47AB-BE61-B0CDE49AB0D1}.Acceptance|x86.ActiveCfg = Release|Any CPU
		{036CD7CD-9E0F-47AB-BE61-B0CDE49AB0D1}.Debug|Any CPU.ActiveCfg = Debug|Any CPU
		{036CD7CD-9E0F-47AB-BE61-B0CDE49AB0D1}.Debug|Any CPU.Build.0 = Debug|Any CPU
		{036CD7CD-9E0F-47AB-BE61-B0CDE49AB0D1}.Debug|x86.ActiveCfg = Debug|Any CPU
		{036CD7CD-9E0F-47AB-BE61-B0CDE49AB0D1}.Live|Any CPU.ActiveCfg = Release|Any CPU
		{036CD7CD-9E0F-47AB-BE61-B0CDE49AB0D1}.Live|Any CPU.Build.0 = Release|Any CPU
		{036CD7CD-9E0F-47AB-BE61-B0CDE49AB0D1}.Live|x86.ActiveCfg = Release|Any CPU
		{036CD7CD-9E0F-47AB-BE61-B0CDE49AB0D1}.Release|Any CPU.ActiveCfg = Release|Any CPU
		{036CD7CD-9E0F-47AB-BE61-B0CDE49AB0D1}.Release|Any CPU.Build.0 = Release|Any CPU
		{036CD7CD-9E0F-47AB-BE61-B0CDE49AB0D1}.Release|x86.ActiveCfg = Release|Any CPU
		{036CD7CD-9E0F-47AB-BE61-B0CDE49AB0D1}.Staging|Any CPU.ActiveCfg = Release|Any CPU
		{036CD7CD-9E0F-47AB-BE61-B0CDE49AB0D1}.Staging|Any CPU.Build.0 = Release|Any CPU
		{036CD7CD-9E0F-47AB-BE61-B0CDE49AB0D1}.Staging|x86.ActiveCfg = Release|Any CPU
		{036CD7CD-9E0F-47AB-BE61-B0CDE49AB0D1}.Test|Any CPU.ActiveCfg = Release|Any CPU
		{036CD7CD-9E0F-47AB-BE61-B0CDE49AB0D1}.Test|Any CPU.Build.0 = Release|Any CPU
		{036CD7CD-9E0F-47AB-BE61-B0CDE49AB0D1}.Test|x86.ActiveCfg = Release|Any CPU
		{036CD7CD-9E0F-47AB-BE61-B0CDE49AB0D1}.WithRestServices|Any CPU.ActiveCfg = Release|Any CPU
		{036CD7CD-9E0F-47AB-BE61-B0CDE49AB0D1}.WithRestServices|Any CPU.Build.0 = Release|Any CPU
		{036CD7CD-9E0F-47AB-BE61-B0CDE49AB0D1}.WithRestServices|x86.ActiveCfg = Release|Any CPU
		{DDA7CF44-49A9-4E92-BA4F-65488C003CEF}.Acceptance|Any CPU.ActiveCfg = Release|Any CPU
		{DDA7CF44-49A9-4E92-BA4F-65488C003CEF}.Acceptance|Any CPU.Build.0 = Release|Any CPU
		{DDA7CF44-49A9-4E92-BA4F-65488C003CEF}.Acceptance|x86.ActiveCfg = Release|Any CPU
		{DDA7CF44-49A9-4E92-BA4F-65488C003CEF}.Debug|Any CPU.ActiveCfg = Debug|Any CPU
		{DDA7CF44-49A9-4E92-BA4F-65488C003CEF}.Debug|Any CPU.Build.0 = Debug|Any CPU
		{DDA7CF44-49A9-4E92-BA4F-65488C003CEF}.Debug|x86.ActiveCfg = Debug|Any CPU
		{DDA7CF44-49A9-4E92-BA4F-65488C003CEF}.Live|Any CPU.ActiveCfg = Release|Any CPU
		{DDA7CF44-49A9-4E92-BA4F-65488C003CEF}.Live|Any CPU.Build.0 = Release|Any CPU
		{DDA7CF44-49A9-4E92-BA4F-65488C003CEF}.Live|x86.ActiveCfg = Release|Any CPU
		{DDA7CF44-49A9-4E92-BA4F-65488C003CEF}.Release|Any CPU.ActiveCfg = Release|Any CPU
		{DDA7CF44-49A9-4E92-BA4F-65488C003CEF}.Release|Any CPU.Build.0 = Release|Any CPU
		{DDA7CF44-49A9-4E92-BA4F-65488C003CEF}.Release|x86.ActiveCfg = Release|Any CPU
		{DDA7CF44-49A9-4E92-BA4F-65488C003CEF}.Staging|Any CPU.ActiveCfg = Release|Any CPU
		{DDA7CF44-49A9-4E92-BA4F-65488C003CEF}.Staging|Any CPU.Build.0 = Release|Any CPU
		{DDA7CF44-49A9-4E92-BA4F-65488C003CEF}.Staging|x86.ActiveCfg = Release|Any CPU
		{DDA7CF44-49A9-4E92-BA4F-65488C003CEF}.Test|Any CPU.ActiveCfg = Release|Any CPU
		{DDA7CF44-49A9-4E92-BA4F-65488C003CEF}.Test|Any CPU.Build.0 = Release|Any CPU
		{DDA7CF44-49A9-4E92-BA4F-65488C003CEF}.Test|x86.ActiveCfg = Release|Any CPU
		{DDA7CF44-49A9-4E92-BA4F-65488C003CEF}.WithRestServices|Any CPU.ActiveCfg = Release|Any CPU
		{DDA7CF44-49A9-4E92-BA4F-65488C003CEF}.WithRestServices|Any CPU.Build.0 = Release|Any CPU
		{DDA7CF44-49A9-4E92-BA4F-65488C003CEF}.WithRestServices|x86.ActiveCfg = Release|Any CPU
		{25AE1B5A-F475-4C2B-923D-7351EA677D51}.Acceptance|Any CPU.ActiveCfg = Release|Any CPU
		{25AE1B5A-F475-4C2B-923D-7351EA677D51}.Acceptance|Any CPU.Build.0 = Release|Any CPU
		{25AE1B5A-F475-4C2B-923D-7351EA677D51}.Acceptance|x86.ActiveCfg = Release|Any CPU
		{25AE1B5A-F475-4C2B-923D-7351EA677D51}.Debug|Any CPU.ActiveCfg = Debug|Any CPU
		{25AE1B5A-F475-4C2B-923D-7351EA677D51}.Debug|Any CPU.Build.0 = Debug|Any CPU
		{25AE1B5A-F475-4C2B-923D-7351EA677D51}.Debug|x86.ActiveCfg = Debug|Any CPU
		{25AE1B5A-F475-4C2B-923D-7351EA677D51}.Live|Any CPU.ActiveCfg = Release|Any CPU
		{25AE1B5A-F475-4C2B-923D-7351EA677D51}.Live|Any CPU.Build.0 = Release|Any CPU
		{25AE1B5A-F475-4C2B-923D-7351EA677D51}.Live|x86.ActiveCfg = Release|Any CPU
		{25AE1B5A-F475-4C2B-923D-7351EA677D51}.Release|Any CPU.ActiveCfg = Release|Any CPU
		{25AE1B5A-F475-4C2B-923D-7351EA677D51}.Release|Any CPU.Build.0 = Release|Any CPU
		{25AE1B5A-F475-4C2B-923D-7351EA677D51}.Release|x86.ActiveCfg = Release|Any CPU
		{25AE1B5A-F475-4C2B-923D-7351EA677D51}.Staging|Any CPU.ActiveCfg = Release|Any CPU
		{25AE1B5A-F475-4C2B-923D-7351EA677D51}.Staging|Any CPU.Build.0 = Release|Any CPU
		{25AE1B5A-F475-4C2B-923D-7351EA677D51}.Staging|x86.ActiveCfg = Release|Any CPU
		{25AE1B5A-F475-4C2B-923D-7351EA677D51}.Test|Any CPU.ActiveCfg = Release|Any CPU
		{25AE1B5A-F475-4C2B-923D-7351EA677D51}.Test|Any CPU.Build.0 = Release|Any CPU
		{25AE1B5A-F475-4C2B-923D-7351EA677D51}.Test|x86.ActiveCfg = Release|Any CPU
		{25AE1B5A-F475-4C2B-923D-7351EA677D51}.WithRestServices|Any CPU.ActiveCfg = Release|Any CPU
		{25AE1B5A-F475-4C2B-923D-7351EA677D51}.WithRestServices|Any CPU.Build.0 = Release|Any CPU
		{25AE1B5A-F475-4C2B-923D-7351EA677D51}.WithRestServices|x86.ActiveCfg = Release|Any CPU
		{675BEBA7-9580-4B39-96FC-5E0ED60D9CD6}.Acceptance|Any CPU.ActiveCfg = Release|Any CPU
		{675BEBA7-9580-4B39-96FC-5E0ED60D9CD6}.Acceptance|Any CPU.Build.0 = Release|Any CPU
		{675BEBA7-9580-4B39-96FC-5E0ED60D9CD6}.Acceptance|x86.ActiveCfg = Release|Any CPU
		{675BEBA7-9580-4B39-96FC-5E0ED60D9CD6}.Debug|Any CPU.ActiveCfg = Debug|Any CPU
		{675BEBA7-9580-4B39-96FC-5E0ED60D9CD6}.Debug|Any CPU.Build.0 = Debug|Any CPU
		{675BEBA7-9580-4B39-96FC-5E0ED60D9CD6}.Debug|x86.ActiveCfg = Debug|Any CPU
		{675BEBA7-9580-4B39-96FC-5E0ED60D9CD6}.Live|Any CPU.ActiveCfg = Release|Any CPU
		{675BEBA7-9580-4B39-96FC-5E0ED60D9CD6}.Live|Any CPU.Build.0 = Release|Any CPU
		{675BEBA7-9580-4B39-96FC-5E0ED60D9CD6}.Live|x86.ActiveCfg = Release|Any CPU
		{675BEBA7-9580-4B39-96FC-5E0ED60D9CD6}.Release|Any CPU.ActiveCfg = Release|Any CPU
		{675BEBA7-9580-4B39-96FC-5E0ED60D9CD6}.Release|Any CPU.Build.0 = Release|Any CPU
		{675BEBA7-9580-4B39-96FC-5E0ED60D9CD6}.Release|x86.ActiveCfg = Release|Any CPU
		{675BEBA7-9580-4B39-96FC-5E0ED60D9CD6}.Staging|Any CPU.ActiveCfg = Release|Any CPU
		{675BEBA7-9580-4B39-96FC-5E0ED60D9CD6}.Staging|Any CPU.Build.0 = Release|Any CPU
		{675BEBA7-9580-4B39-96FC-5E0ED60D9CD6}.Staging|x86.ActiveCfg = Release|Any CPU
		{675BEBA7-9580-4B39-96FC-5E0ED60D9CD6}.Test|Any CPU.ActiveCfg = Release|Any CPU
		{675BEBA7-9580-4B39-96FC-5E0ED60D9CD6}.Test|Any CPU.Build.0 = Release|Any CPU
		{675BEBA7-9580-4B39-96FC-5E0ED60D9CD6}.Test|x86.ActiveCfg = Release|Any CPU
		{675BEBA7-9580-4B39-96FC-5E0ED60D9CD6}.WithRestServices|Any CPU.ActiveCfg = Release|Any CPU
		{675BEBA7-9580-4B39-96FC-5E0ED60D9CD6}.WithRestServices|Any CPU.Build.0 = Release|Any CPU
		{675BEBA7-9580-4B39-96FC-5E0ED60D9CD6}.WithRestServices|x86.ActiveCfg = Release|Any CPU
		{98DE4FCF-B1B1-4A1A-90E4-F4D29D341585}.Acceptance|Any CPU.ActiveCfg = Release|Any CPU
		{98DE4FCF-B1B1-4A1A-90E4-F4D29D341585}.Acceptance|Any CPU.Build.0 = Release|Any CPU
		{98DE4FCF-B1B1-4A1A-90E4-F4D29D341585}.Acceptance|x86.ActiveCfg = Release|Any CPU
		{98DE4FCF-B1B1-4A1A-90E4-F4D29D341585}.Debug|Any CPU.ActiveCfg = Debug|Any CPU
		{98DE4FCF-B1B1-4A1A-90E4-F4D29D341585}.Debug|Any CPU.Build.0 = Debug|Any CPU
		{98DE4FCF-B1B1-4A1A-90E4-F4D29D341585}.Debug|x86.ActiveCfg = Debug|Any CPU
		{98DE4FCF-B1B1-4A1A-90E4-F4D29D341585}.Live|Any CPU.ActiveCfg = Release|Any CPU
		{98DE4FCF-B1B1-4A1A-90E4-F4D29D341585}.Live|Any CPU.Build.0 = Release|Any CPU
		{98DE4FCF-B1B1-4A1A-90E4-F4D29D341585}.Live|x86.ActiveCfg = Release|Any CPU
		{98DE4FCF-B1B1-4A1A-90E4-F4D29D341585}.Release|Any CPU.ActiveCfg = Release|Any CPU
		{98DE4FCF-B1B1-4A1A-90E4-F4D29D341585}.Release|Any CPU.Build.0 = Release|Any CPU
		{98DE4FCF-B1B1-4A1A-90E4-F4D29D341585}.Release|x86.ActiveCfg = Release|Any CPU
		{98DE4FCF-B1B1-4A1A-90E4-F4D29D341585}.Staging|Any CPU.ActiveCfg = Release|Any CPU
		{98DE4FCF-B1B1-4A1A-90E4-F4D29D341585}.Staging|Any CPU.Build.0 = Release|Any CPU
		{98DE4FCF-B1B1-4A1A-90E4-F4D29D341585}.Staging|x86.ActiveCfg = Release|Any CPU
		{98DE4FCF-B1B1-4A1A-90E4-F4D29D341585}.Test|Any CPU.ActiveCfg = Release|Any CPU
		{98DE4FCF-B1B1-4A1A-90E4-F4D29D341585}.Test|Any CPU.Build.0 = Release|Any CPU
		{98DE4FCF-B1B1-4A1A-90E4-F4D29D341585}.Test|x86.ActiveCfg = Release|Any CPU
		{98DE4FCF-B1B1-4A1A-90E4-F4D29D341585}.WithRestServices|Any CPU.ActiveCfg = Release|Any CPU
		{98DE4FCF-B1B1-4A1A-90E4-F4D29D341585}.WithRestServices|Any CPU.Build.0 = Release|Any CPU
		{98DE4FCF-B1B1-4A1A-90E4-F4D29D341585}.WithRestServices|x86.ActiveCfg = Release|Any CPU
		{A6BFE420-B51A-4E1C-B5C5-81025A8887E9}.Acceptance|Any CPU.ActiveCfg = Release|Any CPU
		{A6BFE420-B51A-4E1C-B5C5-81025A8887E9}.Acceptance|Any CPU.Build.0 = Release|Any CPU
		{A6BFE420-B51A-4E1C-B5C5-81025A8887E9}.Acceptance|x86.ActiveCfg = Release|Any CPU
		{A6BFE420-B51A-4E1C-B5C5-81025A8887E9}.Debug|Any CPU.ActiveCfg = Debug|Any CPU
		{A6BFE420-B51A-4E1C-B5C5-81025A8887E9}.Debug|Any CPU.Build.0 = Debug|Any CPU
		{A6BFE420-B51A-4E1C-B5C5-81025A8887E9}.Debug|x86.ActiveCfg = Debug|Any CPU
		{A6BFE420-B51A-4E1C-B5C5-81025A8887E9}.Live|Any CPU.ActiveCfg = Release|Any CPU
		{A6BFE420-B51A-4E1C-B5C5-81025A8887E9}.Live|Any CPU.Build.0 = Release|Any CPU
		{A6BFE420-B51A-4E1C-B5C5-81025A8887E9}.Live|x86.ActiveCfg = Release|Any CPU
		{A6BFE420-B51A-4E1C-B5C5-81025A8887E9}.Release|Any CPU.ActiveCfg = Release|Any CPU
		{A6BFE420-B51A-4E1C-B5C5-81025A8887E9}.Release|Any CPU.Build.0 = Release|Any CPU
		{A6BFE420-B51A-4E1C-B5C5-81025A8887E9}.Release|x86.ActiveCfg = Release|Any CPU
		{A6BFE420-B51A-4E1C-B5C5-81025A8887E9}.Staging|Any CPU.ActiveCfg = Release|Any CPU
		{A6BFE420-B51A-4E1C-B5C5-81025A8887E9}.Staging|Any CPU.Build.0 = Release|Any CPU
		{A6BFE420-B51A-4E1C-B5C5-81025A8887E9}.Staging|x86.ActiveCfg = Release|Any CPU
		{A6BFE420-B51A-4E1C-B5C5-81025A8887E9}.Test|Any CPU.ActiveCfg = Release|Any CPU
		{A6BFE420-B51A-4E1C-B5C5-81025A8887E9}.Test|Any CPU.Build.0 = Release|Any CPU
		{A6BFE420-B51A-4E1C-B5C5-81025A8887E9}.Test|x86.ActiveCfg = Release|Any CPU
		{A6BFE420-B51A-4E1C-B5C5-81025A8887E9}.WithRestServices|Any CPU.ActiveCfg = Release|Any CPU
		{A6BFE420-B51A-4E1C-B5C5-81025A8887E9}.WithRestServices|Any CPU.Build.0 = Release|Any CPU
		{A6BFE420-B51A-4E1C-B5C5-81025A8887E9}.WithRestServices|x86.ActiveCfg = Release|Any CPU
		{7DBF1554-4B84-4A86-BF25-4E5874A6F80A}.Acceptance|Any CPU.ActiveCfg = Release|Any CPU
		{7DBF1554-4B84-4A86-BF25-4E5874A6F80A}.Acceptance|Any CPU.Build.0 = Release|Any CPU
		{7DBF1554-4B84-4A86-BF25-4E5874A6F80A}.Acceptance|x86.ActiveCfg = Release|Any CPU
		{7DBF1554-4B84-4A86-BF25-4E5874A6F80A}.Debug|Any CPU.ActiveCfg = Debug|Any CPU
		{7DBF1554-4B84-4A86-BF25-4E5874A6F80A}.Debug|Any CPU.Build.0 = Debug|Any CPU
		{7DBF1554-4B84-4A86-BF25-4E5874A6F80A}.Debug|x86.ActiveCfg = Debug|Any CPU
		{7DBF1554-4B84-4A86-BF25-4E5874A6F80A}.Live|Any CPU.ActiveCfg = Release|Any CPU
		{7DBF1554-4B84-4A86-BF25-4E5874A6F80A}.Live|Any CPU.Build.0 = Release|Any CPU
		{7DBF1554-4B84-4A86-BF25-4E5874A6F80A}.Live|x86.ActiveCfg = Release|Any CPU
		{7DBF1554-4B84-4A86-BF25-4E5874A6F80A}.Release|Any CPU.ActiveCfg = Release|Any CPU
		{7DBF1554-4B84-4A86-BF25-4E5874A6F80A}.Release|Any CPU.Build.0 = Release|Any CPU
		{7DBF1554-4B84-4A86-BF25-4E5874A6F80A}.Release|x86.ActiveCfg = Release|Any CPU
		{7DBF1554-4B84-4A86-BF25-4E5874A6F80A}.Staging|Any CPU.ActiveCfg = Release|Any CPU
		{7DBF1554-4B84-4A86-BF25-4E5874A6F80A}.Staging|Any CPU.Build.0 = Release|Any CPU
		{7DBF1554-4B84-4A86-BF25-4E5874A6F80A}.Staging|x86.ActiveCfg = Release|Any CPU
		{7DBF1554-4B84-4A86-BF25-4E5874A6F80A}.Test|Any CPU.ActiveCfg = Release|Any CPU
		{7DBF1554-4B84-4A86-BF25-4E5874A6F80A}.Test|Any CPU.Build.0 = Release|Any CPU
		{7DBF1554-4B84-4A86-BF25-4E5874A6F80A}.Test|x86.ActiveCfg = Release|Any CPU
		{7DBF1554-4B84-4A86-BF25-4E5874A6F80A}.WithRestServices|Any CPU.ActiveCfg = Release|Any CPU
		{7DBF1554-4B84-4A86-BF25-4E5874A6F80A}.WithRestServices|Any CPU.Build.0 = Release|Any CPU
		{7DBF1554-4B84-4A86-BF25-4E5874A6F80A}.WithRestServices|x86.ActiveCfg = Release|Any CPU
		{46254BA8-2C96-4048-AE3D-3C1502722BAB}.Acceptance|Any CPU.ActiveCfg = Release|Any CPU
		{46254BA8-2C96-4048-AE3D-3C1502722BAB}.Acceptance|Any CPU.Build.0 = Release|Any CPU
		{46254BA8-2C96-4048-AE3D-3C1502722BAB}.Acceptance|x86.ActiveCfg = Release|Any CPU
		{46254BA8-2C96-4048-AE3D-3C1502722BAB}.Debug|Any CPU.ActiveCfg = Debug|Any CPU
		{46254BA8-2C96-4048-AE3D-3C1502722BAB}.Debug|Any CPU.Build.0 = Debug|Any CPU
		{46254BA8-2C96-4048-AE3D-3C1502722BAB}.Debug|x86.ActiveCfg = Debug|Any CPU
		{46254BA8-2C96-4048-AE3D-3C1502722BAB}.Live|Any CPU.ActiveCfg = Release|Any CPU
		{46254BA8-2C96-4048-AE3D-3C1502722BAB}.Live|Any CPU.Build.0 = Release|Any CPU
		{46254BA8-2C96-4048-AE3D-3C1502722BAB}.Live|x86.ActiveCfg = Release|Any CPU
		{46254BA8-2C96-4048-AE3D-3C1502722BAB}.Release|Any CPU.ActiveCfg = Release|Any CPU
		{46254BA8-2C96-4048-AE3D-3C1502722BAB}.Release|Any CPU.Build.0 = Release|Any CPU
		{46254BA8-2C96-4048-AE3D-3C1502722BAB}.Release|x86.ActiveCfg = Release|Any CPU
		{46254BA8-2C96-4048-AE3D-3C1502722BAB}.Staging|Any CPU.ActiveCfg = Release|Any CPU
		{46254BA8-2C96-4048-AE3D-3C1502722BAB}.Staging|Any CPU.Build.0 = Release|Any CPU
		{46254BA8-2C96-4048-AE3D-3C1502722BAB}.Staging|x86.ActiveCfg = Release|Any CPU
		{46254BA8-2C96-4048-AE3D-3C1502722BAB}.Test|Any CPU.ActiveCfg = Release|Any CPU
		{46254BA8-2C96-4048-AE3D-3C1502722BAB}.Test|Any CPU.Build.0 = Release|Any CPU
		{46254BA8-2C96-4048-AE3D-3C1502722BAB}.Test|x86.ActiveCfg = Release|Any CPU
		{46254BA8-2C96-4048-AE3D-3C1502722BAB}.WithRestServices|Any CPU.ActiveCfg = Release|Any CPU
		{46254BA8-2C96-4048-AE3D-3C1502722BAB}.WithRestServices|Any CPU.Build.0 = Release|Any CPU
		{46254BA8-2C96-4048-AE3D-3C1502722BAB}.WithRestServices|x86.ActiveCfg = Release|Any CPU
		{CFD08804-A078-4D4E-80AF-8A9153B3A55E}.Acceptance|Any CPU.ActiveCfg = Live|Any CPU
		{CFD08804-A078-4D4E-80AF-8A9153B3A55E}.Acceptance|Any CPU.Build.0 = Live|Any CPU
		{CFD08804-A078-4D4E-80AF-8A9153B3A55E}.Acceptance|x86.ActiveCfg = Live|Any CPU
		{CFD08804-A078-4D4E-80AF-8A9153B3A55E}.Debug|Any CPU.ActiveCfg = Debug|Any CPU
		{CFD08804-A078-4D4E-80AF-8A9153B3A55E}.Debug|Any CPU.Build.0 = Debug|Any CPU
		{CFD08804-A078-4D4E-80AF-8A9153B3A55E}.Debug|x86.ActiveCfg = Debug|Any CPU
		{CFD08804-A078-4D4E-80AF-8A9153B3A55E}.Live|Any CPU.ActiveCfg = Live|Any CPU
		{CFD08804-A078-4D4E-80AF-8A9153B3A55E}.Live|Any CPU.Build.0 = Live|Any CPU
		{CFD08804-A078-4D4E-80AF-8A9153B3A55E}.Live|x86.ActiveCfg = Live|Any CPU
		{CFD08804-A078-4D4E-80AF-8A9153B3A55E}.Release|Any CPU.ActiveCfg = Release|Any CPU
		{CFD08804-A078-4D4E-80AF-8A9153B3A55E}.Release|Any CPU.Build.0 = Release|Any CPU
		{CFD08804-A078-4D4E-80AF-8A9153B3A55E}.Release|x86.ActiveCfg = Release|Any CPU
		{CFD08804-A078-4D4E-80AF-8A9153B3A55E}.Staging|Any CPU.ActiveCfg = Live|Any CPU
		{CFD08804-A078-4D4E-80AF-8A9153B3A55E}.Staging|Any CPU.Build.0 = Live|Any CPU
		{CFD08804-A078-4D4E-80AF-8A9153B3A55E}.Staging|x86.ActiveCfg = Live|Any CPU
		{CFD08804-A078-4D4E-80AF-8A9153B3A55E}.Test|Any CPU.ActiveCfg = Live|Any CPU
		{CFD08804-A078-4D4E-80AF-8A9153B3A55E}.Test|Any CPU.Build.0 = Live|Any CPU
		{CFD08804-A078-4D4E-80AF-8A9153B3A55E}.Test|x86.ActiveCfg = Live|Any CPU
		{CFD08804-A078-4D4E-80AF-8A9153B3A55E}.WithRestServices|Any CPU.ActiveCfg = WithRestServices|Any CPU
		{CFD08804-A078-4D4E-80AF-8A9153B3A55E}.WithRestServices|Any CPU.Build.0 = WithRestServices|Any CPU
		{CFD08804-A078-4D4E-80AF-8A9153B3A55E}.WithRestServices|x86.ActiveCfg = WithRestServices|Any CPU
		{3B03CAF2-AC3B-4682-9C76-9AA9F4A25321}.Acceptance|Any CPU.ActiveCfg = Release|Any CPU
		{3B03CAF2-AC3B-4682-9C76-9AA9F4A25321}.Acceptance|Any CPU.Build.0 = Release|Any CPU
		{3B03CAF2-AC3B-4682-9C76-9AA9F4A25321}.Acceptance|x86.ActiveCfg = Release|Any CPU
		{3B03CAF2-AC3B-4682-9C76-9AA9F4A25321}.Debug|Any CPU.ActiveCfg = Debug|Any CPU
		{3B03CAF2-AC3B-4682-9C76-9AA9F4A25321}.Debug|Any CPU.Build.0 = Debug|Any CPU
		{3B03CAF2-AC3B-4682-9C76-9AA9F4A25321}.Debug|x86.ActiveCfg = Debug|Any CPU
		{3B03CAF2-AC3B-4682-9C76-9AA9F4A25321}.Live|Any CPU.ActiveCfg = Release|Any CPU
		{3B03CAF2-AC3B-4682-9C76-9AA9F4A25321}.Live|Any CPU.Build.0 = Release|Any CPU
		{3B03CAF2-AC3B-4682-9C76-9AA9F4A25321}.Live|x86.ActiveCfg = Release|Any CPU
		{3B03CAF2-AC3B-4682-9C76-9AA9F4A25321}.Release|Any CPU.ActiveCfg = Release|Any CPU
		{3B03CAF2-AC3B-4682-9C76-9AA9F4A25321}.Release|Any CPU.Build.0 = Release|Any CPU
		{3B03CAF2-AC3B-4682-9C76-9AA9F4A25321}.Release|x86.ActiveCfg = Release|Any CPU
		{3B03CAF2-AC3B-4682-9C76-9AA9F4A25321}.Staging|Any CPU.ActiveCfg = Release|Any CPU
		{3B03CAF2-AC3B-4682-9C76-9AA9F4A25321}.Staging|Any CPU.Build.0 = Release|Any CPU
		{3B03CAF2-AC3B-4682-9C76-9AA9F4A25321}.Staging|x86.ActiveCfg = Release|Any CPU
		{3B03CAF2-AC3B-4682-9C76-9AA9F4A25321}.Test|Any CPU.ActiveCfg = Release|Any CPU
		{3B03CAF2-AC3B-4682-9C76-9AA9F4A25321}.Test|Any CPU.Build.0 = Release|Any CPU
		{3B03CAF2-AC3B-4682-9C76-9AA9F4A25321}.Test|x86.ActiveCfg = Release|Any CPU
		{3B03CAF2-AC3B-4682-9C76-9AA9F4A25321}.WithRestServices|Any CPU.ActiveCfg = Release|Any CPU
		{3B03CAF2-AC3B-4682-9C76-9AA9F4A25321}.WithRestServices|Any CPU.Build.0 = Release|Any CPU
		{3B03CAF2-AC3B-4682-9C76-9AA9F4A25321}.WithRestServices|x86.ActiveCfg = Release|Any CPU
		{66AD86DA-65B0-4091-B96F-553B6B686A34}.Acceptance|Any CPU.ActiveCfg = Release|Any CPU
		{66AD86DA-65B0-4091-B96F-553B6B686A34}.Acceptance|Any CPU.Build.0 = Release|Any CPU
		{66AD86DA-65B0-4091-B96F-553B6B686A34}.Acceptance|x86.ActiveCfg = Release|Any CPU
		{66AD86DA-65B0-4091-B96F-553B6B686A34}.Debug|Any CPU.ActiveCfg = Debug|Any CPU
		{66AD86DA-65B0-4091-B96F-553B6B686A34}.Debug|Any CPU.Build.0 = Debug|Any CPU
		{66AD86DA-65B0-4091-B96F-553B6B686A34}.Debug|x86.ActiveCfg = Debug|Any CPU
		{66AD86DA-65B0-4091-B96F-553B6B686A34}.Live|Any CPU.ActiveCfg = Release|Any CPU
		{66AD86DA-65B0-4091-B96F-553B6B686A34}.Live|Any CPU.Build.0 = Release|Any CPU
		{66AD86DA-65B0-4091-B96F-553B6B686A34}.Live|x86.ActiveCfg = Release|Any CPU
		{66AD86DA-65B0-4091-B96F-553B6B686A34}.Release|Any CPU.ActiveCfg = Release|Any CPU
		{66AD86DA-65B0-4091-B96F-553B6B686A34}.Release|Any CPU.Build.0 = Release|Any CPU
		{66AD86DA-65B0-4091-B96F-553B6B686A34}.Release|x86.ActiveCfg = Release|Any CPU
		{66AD86DA-65B0-4091-B96F-553B6B686A34}.Staging|Any CPU.ActiveCfg = Release|Any CPU
		{66AD86DA-65B0-4091-B96F-553B6B686A34}.Staging|Any CPU.Build.0 = Release|Any CPU
		{66AD86DA-65B0-4091-B96F-553B6B686A34}.Staging|x86.ActiveCfg = Release|Any CPU
		{66AD86DA-65B0-4091-B96F-553B6B686A34}.Test|Any CPU.ActiveCfg = Release|Any CPU
		{66AD86DA-65B0-4091-B96F-553B6B686A34}.Test|Any CPU.Build.0 = Release|Any CPU
		{66AD86DA-65B0-4091-B96F-553B6B686A34}.Test|x86.ActiveCfg = Release|Any CPU
		{66AD86DA-65B0-4091-B96F-553B6B686A34}.WithRestServices|Any CPU.ActiveCfg = Release|Any CPU
		{66AD86DA-65B0-4091-B96F-553B6B686A34}.WithRestServices|Any CPU.Build.0 = Release|Any CPU
		{66AD86DA-65B0-4091-B96F-553B6B686A34}.WithRestServices|x86.ActiveCfg = Release|Any CPU
		{7A9B1810-E1BE-49DA-B882-D062A7ABC3BB}.Acceptance|Any CPU.ActiveCfg = Release|Any CPU
		{7A9B1810-E1BE-49DA-B882-D062A7ABC3BB}.Acceptance|Any CPU.Build.0 = Release|Any CPU
		{7A9B1810-E1BE-49DA-B882-D062A7ABC3BB}.Acceptance|x86.ActiveCfg = Release|Any CPU
		{7A9B1810-E1BE-49DA-B882-D062A7ABC3BB}.Debug|Any CPU.ActiveCfg = Debug|Any CPU
		{7A9B1810-E1BE-49DA-B882-D062A7ABC3BB}.Debug|Any CPU.Build.0 = Debug|Any CPU
		{7A9B1810-E1BE-49DA-B882-D062A7ABC3BB}.Debug|x86.ActiveCfg = Debug|Any CPU
		{7A9B1810-E1BE-49DA-B882-D062A7ABC3BB}.Live|Any CPU.ActiveCfg = Release|Any CPU
		{7A9B1810-E1BE-49DA-B882-D062A7ABC3BB}.Live|Any CPU.Build.0 = Release|Any CPU
		{7A9B1810-E1BE-49DA-B882-D062A7ABC3BB}.Live|x86.ActiveCfg = Release|Any CPU
		{7A9B1810-E1BE-49DA-B882-D062A7ABC3BB}.Release|Any CPU.ActiveCfg = Release|Any CPU
		{7A9B1810-E1BE-49DA-B882-D062A7ABC3BB}.Release|Any CPU.Build.0 = Release|Any CPU
		{7A9B1810-E1BE-49DA-B882-D062A7ABC3BB}.Release|x86.ActiveCfg = Release|Any CPU
		{7A9B1810-E1BE-49DA-B882-D062A7ABC3BB}.Staging|Any CPU.ActiveCfg = Release|Any CPU
		{7A9B1810-E1BE-49DA-B882-D062A7ABC3BB}.Staging|Any CPU.Build.0 = Release|Any CPU
		{7A9B1810-E1BE-49DA-B882-D062A7ABC3BB}.Staging|x86.ActiveCfg = Release|Any CPU
		{7A9B1810-E1BE-49DA-B882-D062A7ABC3BB}.Test|Any CPU.ActiveCfg = Release|Any CPU
		{7A9B1810-E1BE-49DA-B882-D062A7ABC3BB}.Test|Any CPU.Build.0 = Release|Any CPU
		{7A9B1810-E1BE-49DA-B882-D062A7ABC3BB}.Test|x86.ActiveCfg = Release|Any CPU
		{7A9B1810-E1BE-49DA-B882-D062A7ABC3BB}.WithRestServices|Any CPU.ActiveCfg = Release|Any CPU
		{7A9B1810-E1BE-49DA-B882-D062A7ABC3BB}.WithRestServices|Any CPU.Build.0 = Release|Any CPU
		{7A9B1810-E1BE-49DA-B882-D062A7ABC3BB}.WithRestServices|x86.ActiveCfg = Release|Any CPU
		{F19C33BE-B7D1-4AF9-A897-3859B93447E2}.Acceptance|Any CPU.ActiveCfg = Release|Any CPU
		{F19C33BE-B7D1-4AF9-A897-3859B93447E2}.Acceptance|Any CPU.Build.0 = Release|Any CPU
		{F19C33BE-B7D1-4AF9-A897-3859B93447E2}.Acceptance|x86.ActiveCfg = Release|Any CPU
		{F19C33BE-B7D1-4AF9-A897-3859B93447E2}.Debug|Any CPU.ActiveCfg = Debug|Any CPU
		{F19C33BE-B7D1-4AF9-A897-3859B93447E2}.Debug|Any CPU.Build.0 = Debug|Any CPU
		{F19C33BE-B7D1-4AF9-A897-3859B93447E2}.Debug|x86.ActiveCfg = Debug|Any CPU
		{F19C33BE-B7D1-4AF9-A897-3859B93447E2}.Live|Any CPU.ActiveCfg = Release|Any CPU
		{F19C33BE-B7D1-4AF9-A897-3859B93447E2}.Live|Any CPU.Build.0 = Release|Any CPU
		{F19C33BE-B7D1-4AF9-A897-3859B93447E2}.Live|x86.ActiveCfg = Release|Any CPU
		{F19C33BE-B7D1-4AF9-A897-3859B93447E2}.Release|Any CPU.ActiveCfg = Release|Any CPU
		{F19C33BE-B7D1-4AF9-A897-3859B93447E2}.Release|Any CPU.Build.0 = Release|Any CPU
		{F19C33BE-B7D1-4AF9-A897-3859B93447E2}.Release|x86.ActiveCfg = Release|Any CPU
		{F19C33BE-B7D1-4AF9-A897-3859B93447E2}.Staging|Any CPU.ActiveCfg = Release|Any CPU
		{F19C33BE-B7D1-4AF9-A897-3859B93447E2}.Staging|Any CPU.Build.0 = Release|Any CPU
		{F19C33BE-B7D1-4AF9-A897-3859B93447E2}.Staging|x86.ActiveCfg = Release|Any CPU
		{F19C33BE-B7D1-4AF9-A897-3859B93447E2}.Test|Any CPU.ActiveCfg = Release|Any CPU
		{F19C33BE-B7D1-4AF9-A897-3859B93447E2}.Test|Any CPU.Build.0 = Release|Any CPU
		{F19C33BE-B7D1-4AF9-A897-3859B93447E2}.Test|x86.ActiveCfg = Release|Any CPU
		{F19C33BE-B7D1-4AF9-A897-3859B93447E2}.WithRestServices|Any CPU.ActiveCfg = Release|Any CPU
		{F19C33BE-B7D1-4AF9-A897-3859B93447E2}.WithRestServices|Any CPU.Build.0 = Release|Any CPU
		{F19C33BE-B7D1-4AF9-A897-3859B93447E2}.WithRestServices|x86.ActiveCfg = Release|Any CPU
		{C7F42D91-236B-458A-AD2A-A74E47CCABF8}.Acceptance|Any CPU.ActiveCfg = Release|Any CPU
		{C7F42D91-236B-458A-AD2A-A74E47CCABF8}.Acceptance|Any CPU.Build.0 = Release|Any CPU
		{C7F42D91-236B-458A-AD2A-A74E47CCABF8}.Acceptance|x86.ActiveCfg = Release|Any CPU
		{C7F42D91-236B-458A-AD2A-A74E47CCABF8}.Debug|Any CPU.ActiveCfg = Debug|Any CPU
		{C7F42D91-236B-458A-AD2A-A74E47CCABF8}.Debug|Any CPU.Build.0 = Debug|Any CPU
		{C7F42D91-236B-458A-AD2A-A74E47CCABF8}.Debug|x86.ActiveCfg = Debug|Any CPU
		{C7F42D91-236B-458A-AD2A-A74E47CCABF8}.Live|Any CPU.ActiveCfg = Release|Any CPU
		{C7F42D91-236B-458A-AD2A-A74E47CCABF8}.Live|Any CPU.Build.0 = Release|Any CPU
		{C7F42D91-236B-458A-AD2A-A74E47CCABF8}.Live|x86.ActiveCfg = Release|Any CPU
		{C7F42D91-236B-458A-AD2A-A74E47CCABF8}.Release|Any CPU.ActiveCfg = Release|Any CPU
		{C7F42D91-236B-458A-AD2A-A74E47CCABF8}.Release|Any CPU.Build.0 = Release|Any CPU
		{C7F42D91-236B-458A-AD2A-A74E47CCABF8}.Release|x86.ActiveCfg = Release|Any CPU
		{C7F42D91-236B-458A-AD2A-A74E47CCABF8}.Staging|Any CPU.ActiveCfg = Release|Any CPU
		{C7F42D91-236B-458A-AD2A-A74E47CCABF8}.Staging|Any CPU.Build.0 = Release|Any CPU
		{C7F42D91-236B-458A-AD2A-A74E47CCABF8}.Staging|x86.ActiveCfg = Release|Any CPU
		{C7F42D91-236B-458A-AD2A-A74E47CCABF8}.Test|Any CPU.ActiveCfg = Release|Any CPU
		{C7F42D91-236B-458A-AD2A-A74E47CCABF8}.Test|Any CPU.Build.0 = Release|Any CPU
		{C7F42D91-236B-458A-AD2A-A74E47CCABF8}.Test|x86.ActiveCfg = Release|Any CPU
		{C7F42D91-236B-458A-AD2A-A74E47CCABF8}.WithRestServices|Any CPU.ActiveCfg = Release|Any CPU
		{C7F42D91-236B-458A-AD2A-A74E47CCABF8}.WithRestServices|Any CPU.Build.0 = Release|Any CPU
		{C7F42D91-236B-458A-AD2A-A74E47CCABF8}.WithRestServices|x86.ActiveCfg = Release|Any CPU
	EndGlobalSection
	GlobalSection(SolutionProperties) = preSolution
		HideSolutionNode = FALSE
	EndGlobalSection
	GlobalSection(NestedProjects) = preSolution
		{5F0DD2ED-4613-40B7-B073-CCC956017F56} = {9EF7824D-300F-4EAC-85E0-491A1A2402AF}
		{4049F353-A3D2-4B82-BF5A-25578717F904} = {D51EA45D-8F8E-4BDF-BB6F-045D1164B3A9}
		{66CDCDC4-9F60-4F9B-9E31-4E23B76BD146} = {D51EA45D-8F8E-4BDF-BB6F-045D1164B3A9}
		{F65BCCBF-249A-4F8C-81EB-D05F6057E9DF} = {D51EA45D-8F8E-4BDF-BB6F-045D1164B3A9}
		{4E597FB7-4706-45E2-9F9F-BAED246F06C4} = {1E5878D8-03E6-4B02-A468-938953DE1B68}
		{EA58BDDA-34F5-4B48-B2F3-4E4CCE2B66EE} = {1E5878D8-03E6-4B02-A468-938953DE1B68}
		{AEE76B68-8EE3-49A1-8AED-809288568D64} = {A591D264-6B16-455A-89D5-A5E6B00A38ED}
		{6B41D66F-0003-45EC-9692-023F9FCA62E8} = {51D218D6-FB37-4D0D-9143-295C12E78087}
		{036CD7CD-9E0F-47AB-BE61-B0CDE49AB0D1} = {51D218D6-FB37-4D0D-9143-295C12E78087}
		{DDA7CF44-49A9-4E92-BA4F-65488C003CEF} = {51D218D6-FB37-4D0D-9143-295C12E78087}
		{25AE1B5A-F475-4C2B-923D-7351EA677D51} = {51D218D6-FB37-4D0D-9143-295C12E78087}
		{675BEBA7-9580-4B39-96FC-5E0ED60D9CD6} = {B7B59ED6-1BA5-4AD7-BCD9-4ABA3BB9DA60}
		{98DE4FCF-B1B1-4A1A-90E4-F4D29D341585} = {B7B59ED6-1BA5-4AD7-BCD9-4ABA3BB9DA60}
		{A6BFE420-B51A-4E1C-B5C5-81025A8887E9} = {C0B8F0C2-2F80-464C-B89E-B28DAE1FF528}
		{66AD86DA-65B0-4091-B96F-553B6B686A34} = {C0B8F0C2-2F80-464C-B89E-B28DAE1FF528}
		{7DBF1554-4B84-4A86-BF25-4E5874A6F80A} = {124E1E10-CF95-46EC-95B3-537188655940}
		{46254BA8-2C96-4048-AE3D-3C1502722BAB} = {124E1E10-CF95-46EC-95B3-537188655940}
		{7A9B1810-E1BE-49DA-B882-D062A7ABC3BB} = {124E1E10-CF95-46EC-95B3-537188655940}
		{F19C33BE-B7D1-4AF9-A897-3859B93447E2} = {124E1E10-CF95-46EC-95B3-537188655940}
		{C7F42D91-236B-458A-AD2A-A74E47CCABF8} = {124E1E10-CF95-46EC-95B3-537188655940}
		{CFD08804-A078-4D4E-80AF-8A9153B3A55E} = {BA3631E9-C14A-4C06-B897-46BC3D66B234}
		{3B03CAF2-AC3B-4682-9C76-9AA9F4A25321} = {BA3631E9-C14A-4C06-B897-46BC3D66B234}
	EndGlobalSection
EndGlobal
